
Microsoft Visual Studio Solution File, Format Version 12.00
# Visual Studio 15
VisualStudioVersion = 15.0.26228.9
MinimumVisualStudioVersion = 10.0.40219.1
Project("{FAE04EC0-301F-11D3-BF4B-00C04F79EFBC}") = "01. Sum", "01. Sum\01. Sum.csproj", "{7EE2E795-D86C-440D-8502-BD0542C55C96}"
EndProject
Project("{FAE04EC0-301F-11D3-BF4B-00C04F79EFBC}") = "02. Is Prime", "02. Is Prime\02. Is Prime.csproj", "{0CA3A0AA-27C3-4403-A1AF-16B5970C2F73}"
EndProject
Project("{FAE04EC0-301F-11D3-BF4B-00C04F79EFBC}") = "03. Factorial", "03. Factorial\03. Factorial.csproj", "{1AFE7883-22B4-43AF-8A02-E6DEEC51184E}"
EndProject
Global
	GlobalSection(SolutionConfigurationPlatforms) = preSolution
		Debug|Any CPU = Debug|Any CPU
		Release|Any CPU = Release|Any CPU
	EndGlobalSection
	GlobalSection(ProjectConfigurationPlatforms) = postSolution
		{7EE2E795-D86C-440D-8502-BD0542C55C96}.Debug|Any CPU.ActiveCfg = Debug|Any CPU
		{7EE2E795-D86C-440D-8502-BD0542C55C96}.Debug|Any CPU.Build.0 = Debug|Any CPU
		{7EE2E795-D86C-440D-8502-BD0542C55C96}.Release|Any CPU.ActiveCfg = Release|Any CPU
		{7EE2E795-D86C-440D-8502-BD0542C55C96}.Release|Any CPU.Build.0 = Release|Any CPU
		{0CA3A0AA-27C3-4403-A1AF-16B5970C2F73}.Debug|Any CPU.ActiveCfg = Debug|Any CPU
		{0CA3A0AA-27C3-4403-A1AF-16B5970C2F73}.Debug|Any CPU.Build.0 = Debug|Any CPU
		{0CA3A0AA-27C3-4403-A1AF-16B5970C2F73}.Release|Any CPU.ActiveCfg = Release|Any CPU
		{0CA3A0AA-27C3-4403-A1AF-16B5970C2F73}.Release|Any CPU.Build.0 = Release|Any CPU
		{1AFE7883-22B4-43AF-8A02-E6DEEC51184E}.Debug|Any CPU.ActiveCfg = Debug|Any CPU
		{1AFE7883-22B4-43AF-8A02-E6DEEC51184E}.Debug|Any CPU.Build.0 = Debug|Any CPU
		{1AFE7883-22B4-43AF-8A02-E6DEEC51184E}.Release|Any CPU.ActiveCfg = Release|Any CPU
		{1AFE7883-22B4-43AF-8A02-E6DEEC51184E}.Release|Any CPU.Build.0 = Release|Any CPU
	EndGlobalSection
	GlobalSection(SolutionProperties) = preSolution
		HideSolutionNode = FALSE
	EndGlobalSection
EndGlobal
