
Microsoft Visual Studio Solution File, Format Version 12.00
# Visual Studio 14
VisualStudioVersion = 14.0.24720.0
MinimumVisualStudioVersion = 10.0.40219.1
Project("{FAE04EC0-301F-11D3-BF4B-00C04F79EFBC}") = "04. Hello World", "04. Hello World\04. Hello World.csproj", "{F66D24B5-E857-4494-8D9A-5A4B5D079FA1}"
EndProject
Project("{FAE04EC0-301F-11D3-BF4B-00C04F79EFBC}") = "05. Print Name", "05. Print Name\05. Print Name.csproj", "{64381907-52C9-4F76-B983-06C39DE0534C}"
EndProject
Project("{FAE04EC0-301F-11D3-BF4B-00C04F79EFBC}") = "06. Print Numbers", "06. Print Numbers\06. Print Numbers.csproj", "{A2844258-744C-4C76-AAE9-2EF8FEC400F7}"
EndProject
Project("{FAE04EC0-301F-11D3-BF4B-00C04F79EFBC}") = "07. First and Last Name", "07. First and Last Name\07. First and Last Name.csproj", "{1C9F9F69-F246-43CC-853C-EC2BC845E8C6}"
EndProject
Project("{FAE04EC0-301F-11D3-BF4B-00C04F79EFBC}") = "08. Square Root", "08. Square Root\08. Square Root.csproj", "{2B6B8004-48A3-400F-BB2C-315B8A099EB6}"
EndProject
Project("{FAE04EC0-301F-11D3-BF4B-00C04F79EFBC}") = "09. Print Sequence", "09. Print Sequence\09. Print Sequence.csproj", "{0E81EB57-0BE4-41DD-81CF-8FE3FB69AD4F}"
EndProject
Project("{FAE04EC0-301F-11D3-BF4B-00C04F79EFBC}") = "10. Format Code", "10. Format Code\10. Format Code.csproj", "{42AC8037-2235-4229-B30D-3ECD03B3B940}"
EndProject
Project("{FAE04EC0-301F-11D3-BF4B-00C04F79EFBC}") = "14. Current Date and Time", "14. Current Date and Time\14. Current Date and Time.csproj", "{AB8E9B57-B73B-41DE-9A91-F836975392F4}"
EndProject
Project("{FAE04EC0-301F-11D3-BF4B-00C04F79EFBC}") = "15. Age Calculator", "15. Age\15. Age Calculator.csproj", "{DE8D9167-A684-4502-BF1A-9B812392DAAD}"
EndProject
Project("{FAE04EC0-301F-11D3-BF4B-00C04F79EFBC}") = "16. Long Sequence", "16. Long Sequence\16. Long Sequence.csproj", "{416B6131-1B1F-42F1-9AA8-8B60C2FE0874}"
EndProject
Project("{FAE04EC0-301F-11D3-BF4B-00C04F79EFBC}") = "16. Long Sequence v2", "16. Long Sequence v2\16. Long Sequence v2.csproj", "{4B7AC36E-6FE0-403C-865D-0A6F89A43938}"
EndProject
Global
	GlobalSection(SolutionConfigurationPlatforms) = preSolution
		Debug|Any CPU = Debug|Any CPU
		Release|Any CPU = Release|Any CPU
	EndGlobalSection
	GlobalSection(ProjectConfigurationPlatforms) = postSolution
		{F66D24B5-E857-4494-8D9A-5A4B5D079FA1}.Debug|Any CPU.ActiveCfg = Debug|Any CPU
		{F66D24B5-E857-4494-8D9A-5A4B5D079FA1}.Debug|Any CPU.Build.0 = Debug|Any CPU
		{F66D24B5-E857-4494-8D9A-5A4B5D079FA1}.Release|Any CPU.ActiveCfg = Release|Any CPU
		{F66D24B5-E857-4494-8D9A-5A4B5D079FA1}.Release|Any CPU.Build.0 = Release|Any CPU
		{64381907-52C9-4F76-B983-06C39DE0534C}.Debug|Any CPU.ActiveCfg = Debug|Any CPU
		{64381907-52C9-4F76-B983-06C39DE0534C}.Debug|Any CPU.Build.0 = Debug|Any CPU
		{64381907-52C9-4F76-B983-06C39DE0534C}.Release|Any CPU.ActiveCfg = Release|Any CPU
		{64381907-52C9-4F76-B983-06C39DE0534C}.Release|Any CPU.Build.0 = Release|Any CPU
		{A2844258-744C-4C76-AAE9-2EF8FEC400F7}.Debug|Any CPU.ActiveCfg = Debug|Any CPU
		{A2844258-744C-4C76-AAE9-2EF8FEC400F7}.Debug|Any CPU.Build.0 = Debug|Any CPU
		{A2844258-744C-4C76-AAE9-2EF8FEC400F7}.Release|Any CPU.ActiveCfg = Release|Any CPU
		{A2844258-744C-4C76-AAE9-2EF8FEC400F7}.Release|Any CPU.Build.0 = Release|Any CPU
		{1C9F9F69-F246-43CC-853C-EC2BC845E8C6}.Debug|Any CPU.ActiveCfg = Debug|Any CPU
		{1C9F9F69-F246-43CC-853C-EC2BC845E8C6}.Debug|Any CPU.Build.0 = Debug|Any CPU
		{1C9F9F69-F246-43CC-853C-EC2BC845E8C6}.Release|Any CPU.ActiveCfg = Release|Any CPU
		{1C9F9F69-F246-43CC-853C-EC2BC845E8C6}.Release|Any CPU.Build.0 = Release|Any CPU
		{2B6B8004-48A3-400F-BB2C-315B8A099EB6}.Debug|Any CPU.ActiveCfg = Debug|Any CPU
		{2B6B8004-48A3-400F-BB2C-315B8A099EB6}.Debug|Any CPU.Build.0 = Debug|Any CPU
		{2B6B8004-48A3-400F-BB2C-315B8A099EB6}.Release|Any CPU.ActiveCfg = Release|Any CPU
		{2B6B8004-48A3-400F-BB2C-315B8A099EB6}.Release|Any CPU.Build.0 = Release|Any CPU
		{0E81EB57-0BE4-41DD-81CF-8FE3FB69AD4F}.Debug|Any CPU.ActiveCfg = Debug|Any CPU
		{0E81EB57-0BE4-41DD-81CF-8FE3FB69AD4F}.Debug|Any CPU.Build.0 = Debug|Any CPU
		{0E81EB57-0BE4-41DD-81CF-8FE3FB69AD4F}.Release|Any CPU.ActiveCfg = Release|Any CPU
		{0E81EB57-0BE4-41DD-81CF-8FE3FB69AD4F}.Release|Any CPU.Build.0 = Release|Any CPU
		{42AC8037-2235-4229-B30D-3ECD03B3B940}.Debug|Any CPU.ActiveCfg = Debug|Any CPU
		{42AC8037-2235-4229-B30D-3ECD03B3B940}.Debug|Any CPU.Build.0 = Debug|Any CPU
		{42AC8037-2235-4229-B30D-3ECD03B3B940}.Release|Any CPU.ActiveCfg = Release|Any CPU
		{42AC8037-2235-4229-B30D-3ECD03B3B940}.Release|Any CPU.Build.0 = Release|Any CPU
		{AB8E9B57-B73B-41DE-9A91-F836975392F4}.Debug|Any CPU.ActiveCfg = Debug|Any CPU
		{AB8E9B57-B73B-41DE-9A91-F836975392F4}.Debug|Any CPU.Build.0 = Debug|Any CPU
		{AB8E9B57-B73B-41DE-9A91-F836975392F4}.Release|Any CPU.ActiveCfg = Release|Any CPU
		{AB8E9B57-B73B-41DE-9A91-F836975392F4}.Release|Any CPU.Build.0 = Release|Any CPU
		{DE8D9167-A684-4502-BF1A-9B812392DAAD}.Debug|Any CPU.ActiveCfg = Debug|Any CPU
		{DE8D9167-A684-4502-BF1A-9B812392DAAD}.Debug|Any CPU.Build.0 = Debug|Any CPU
		{DE8D9167-A684-4502-BF1A-9B812392DAAD}.Release|Any CPU.ActiveCfg = Release|Any CPU
		{DE8D9167-A684-4502-BF1A-9B812392DAAD}.Release|Any CPU.Build.0 = Release|Any CPU
		{416B6131-1B1F-42F1-9AA8-8B60C2FE0874}.Debug|Any CPU.ActiveCfg = Debug|Any CPU
		{416B6131-1B1F-42F1-9AA8-8B60C2FE0874}.Debug|Any CPU.Build.0 = Debug|Any CPU
		{416B6131-1B1F-42F1-9AA8-8B60C2FE0874}.Release|Any CPU.ActiveCfg = Release|Any CPU
		{416B6131-1B1F-42F1-9AA8-8B60C2FE0874}.Release|Any CPU.Build.0 = Release|Any CPU
		{4B7AC36E-6FE0-403C-865D-0A6F89A43938}.Debug|Any CPU.ActiveCfg = Debug|Any CPU
		{4B7AC36E-6FE0-403C-865D-0A6F89A43938}.Debug|Any CPU.Build.0 = Debug|Any CPU
		{4B7AC36E-6FE0-403C-865D-0A6F89A43938}.Release|Any CPU.ActiveCfg = Release|Any CPU
		{4B7AC36E-6FE0-403C-865D-0A6F89A43938}.Release|Any CPU.Build.0 = Release|Any CPU
	EndGlobalSection
	GlobalSection(SolutionProperties) = preSolution
		HideSolutionNode = FALSE
	EndGlobalSection
EndGlobal
