
Microsoft Visual Studio Solution File, Format Version 12.00
# Visual Studio 14
VisualStudioVersion = 14.0.24720.0
MinimumVisualStudioVersion = 10.0.40219.1
Project("{FAE04EC0-301F-11D3-BF4B-00C04F79EFBC}") = "01. Mythical numbers", "01. Mythical numbers\01. Mythical numbers.csproj", "{C2103332-8303-419F-B032-04AD1BDB89F0}"
EndProject
Project("{FAE04EC0-301F-11D3-BF4B-00C04F79EFBC}") = "02. Jump, Jump", "02. Jump, Jump\02. Jump, Jump.csproj", "{22DC23B5-F423-4375-AEB3-D06389F13E56}"
EndProject
Global
	GlobalSection(SolutionConfigurationPlatforms) = preSolution
		Debug|Any CPU = Debug|Any CPU
		Release|Any CPU = Release|Any CPU
	EndGlobalSection
	GlobalSection(ProjectConfigurationPlatforms) = postSolution
		{C2103332-8303-419F-B032-04AD1BDB89F0}.Debug|Any CPU.ActiveCfg = Debug|Any CPU
		{C2103332-8303-419F-B032-04AD1BDB89F0}.Debug|Any CPU.Build.0 = Debug|Any CPU
		{C2103332-8303-419F-B032-04AD1BDB89F0}.Release|Any CPU.ActiveCfg = Release|Any CPU
		{C2103332-8303-419F-B032-04AD1BDB89F0}.Release|Any CPU.Build.0 = Release|Any CPU
		{22DC23B5-F423-4375-AEB3-D06389F13E56}.Debug|Any CPU.ActiveCfg = Debug|Any CPU
		{22DC23B5-F423-4375-AEB3-D06389F13E56}.Debug|Any CPU.Build.0 = Debug|Any CPU
		{22DC23B5-F423-4375-AEB3-D06389F13E56}.Release|Any CPU.ActiveCfg = Release|Any CPU
		{22DC23B5-F423-4375-AEB3-D06389F13E56}.Release|Any CPU.Build.0 = Release|Any CPU
	EndGlobalSection
	GlobalSection(SolutionProperties) = preSolution
		HideSolutionNode = FALSE
	EndGlobalSection
EndGlobal
