
Microsoft Visual Studio Solution File, Format Version 12.00
# Visual Studio 14
VisualStudioVersion = 14.0.24720.0
MinimumVisualStudioVersion = 10.0.40219.1
Project("{FAE04EC0-301F-11D3-BF4B-00C04F79EFBC}") = "01. Printing To Console", "01. Printing To Console\01. Printing To Console.csproj", "{C9E62F63-00FA-46E0-B668-CCA0B54CAC98}"
EndProject
Project("{FAE04EC0-301F-11D3-BF4B-00C04F79EFBC}") = "02.  Reading Characters", "02.  Reading Characters\02.  Reading Characters.csproj", "{C302EF26-759F-4E97-93DA-652BF903CB7A}"
EndProject
Project("{FAE04EC0-301F-11D3-BF4B-00C04F79EFBC}") = "03. Reading Keys", "03. Reading Keys\03. Reading Keys.csproj", "{D1F556C5-29DE-47C6-9694-16AEE449A099}"
EndProject
Project("{FAE04EC0-301F-11D3-BF4B-00C04F79EFBC}") = "04. Reading Strings", "04. Reading Strings\04. Reading Strings.csproj", "{D6D13DD0-0F61-453A-B8BB-4B690CE9F7AD}"
EndProject
Project("{FAE04EC0-301F-11D3-BF4B-00C04F79EFBC}") = "05. Reading Numbers", "05. Reading Numbers\05. Reading Numbers.csproj", "{080F7A82-2B48-4B68-84BF-04FD1F746A5B}"
EndProject
Project("{FAE04EC0-301F-11D3-BF4B-00C04F79EFBC}") = "06. Try Parse", "06. Try Parse\06. Try Parse.csproj", "{851270A5-D550-4ACA-B87B-1B9A0D08E603}"
EndProject
Project("{FAE04EC0-301F-11D3-BF4B-00C04F79EFBC}") = "07. Regional Settings", "07. Regional Settings\07. Regional Settings.csproj", "{71DEE9E6-E820-4F92-B374-823C55420E6E}"
EndProject
Project("{FAE04EC0-301F-11D3-BF4B-00C04F79EFBC}") = "08. Printing Letter", "08. Printing Letter\08. Printing Letter.csproj", "{030531D4-4D4F-4273-ADC2-7105195BDC0C}"
EndProject
Global
	GlobalSection(SolutionConfigurationPlatforms) = preSolution
		Debug|Any CPU = Debug|Any CPU
		Release|Any CPU = Release|Any CPU
	EndGlobalSection
	GlobalSection(ProjectConfigurationPlatforms) = postSolution
		{C9E62F63-00FA-46E0-B668-CCA0B54CAC98}.Debug|Any CPU.ActiveCfg = Debug|Any CPU
		{C9E62F63-00FA-46E0-B668-CCA0B54CAC98}.Debug|Any CPU.Build.0 = Debug|Any CPU
		{C9E62F63-00FA-46E0-B668-CCA0B54CAC98}.Release|Any CPU.ActiveCfg = Release|Any CPU
		{C9E62F63-00FA-46E0-B668-CCA0B54CAC98}.Release|Any CPU.Build.0 = Release|Any CPU
		{C302EF26-759F-4E97-93DA-652BF903CB7A}.Debug|Any CPU.ActiveCfg = Debug|Any CPU
		{C302EF26-759F-4E97-93DA-652BF903CB7A}.Debug|Any CPU.Build.0 = Debug|Any CPU
		{C302EF26-759F-4E97-93DA-652BF903CB7A}.Release|Any CPU.ActiveCfg = Release|Any CPU
		{C302EF26-759F-4E97-93DA-652BF903CB7A}.Release|Any CPU.Build.0 = Release|Any CPU
		{D1F556C5-29DE-47C6-9694-16AEE449A099}.Debug|Any CPU.ActiveCfg = Debug|Any CPU
		{D1F556C5-29DE-47C6-9694-16AEE449A099}.Debug|Any CPU.Build.0 = Debug|Any CPU
		{D1F556C5-29DE-47C6-9694-16AEE449A099}.Release|Any CPU.ActiveCfg = Release|Any CPU
		{D1F556C5-29DE-47C6-9694-16AEE449A099}.Release|Any CPU.Build.0 = Release|Any CPU
		{D6D13DD0-0F61-453A-B8BB-4B690CE9F7AD}.Debug|Any CPU.ActiveCfg = Debug|Any CPU
		{D6D13DD0-0F61-453A-B8BB-4B690CE9F7AD}.Debug|Any CPU.Build.0 = Debug|Any CPU
		{D6D13DD0-0F61-453A-B8BB-4B690CE9F7AD}.Release|Any CPU.ActiveCfg = Release|Any CPU
		{D6D13DD0-0F61-453A-B8BB-4B690CE9F7AD}.Release|Any CPU.Build.0 = Release|Any CPU
		{080F7A82-2B48-4B68-84BF-04FD1F746A5B}.Debug|Any CPU.ActiveCfg = Debug|Any CPU
		{080F7A82-2B48-4B68-84BF-04FD1F746A5B}.Debug|Any CPU.Build.0 = Debug|Any CPU
		{080F7A82-2B48-4B68-84BF-04FD1F746A5B}.Release|Any CPU.ActiveCfg = Release|Any CPU
		{080F7A82-2B48-4B68-84BF-04FD1F746A5B}.Release|Any CPU.Build.0 = Release|Any CPU
		{851270A5-D550-4ACA-B87B-1B9A0D08E603}.Debug|Any CPU.ActiveCfg = Debug|Any CPU
		{851270A5-D550-4ACA-B87B-1B9A0D08E603}.Debug|Any CPU.Build.0 = Debug|Any CPU
		{851270A5-D550-4ACA-B87B-1B9A0D08E603}.Release|Any CPU.ActiveCfg = Release|Any CPU
		{851270A5-D550-4ACA-B87B-1B9A0D08E603}.Release|Any CPU.Build.0 = Release|Any CPU
		{71DEE9E6-E820-4F92-B374-823C55420E6E}.Debug|Any CPU.ActiveCfg = Debug|Any CPU
		{71DEE9E6-E820-4F92-B374-823C55420E6E}.Debug|Any CPU.Build.0 = Debug|Any CPU
		{71DEE9E6-E820-4F92-B374-823C55420E6E}.Release|Any CPU.ActiveCfg = Release|Any CPU
		{71DEE9E6-E820-4F92-B374-823C55420E6E}.Release|Any CPU.Build.0 = Release|Any CPU
		{030531D4-4D4F-4273-ADC2-7105195BDC0C}.Debug|Any CPU.ActiveCfg = Debug|Any CPU
		{030531D4-4D4F-4273-ADC2-7105195BDC0C}.Debug|Any CPU.Build.0 = Debug|Any CPU
		{030531D4-4D4F-4273-ADC2-7105195BDC0C}.Release|Any CPU.ActiveCfg = Release|Any CPU
		{030531D4-4D4F-4273-ADC2-7105195BDC0C}.Release|Any CPU.Build.0 = Release|Any CPU
	EndGlobalSection
	GlobalSection(SolutionProperties) = preSolution
		HideSolutionNode = FALSE
	EndGlobalSection
EndGlobal
