
Microsoft Visual Studio Solution File, Format Version 12.00
# Visual Studio 14
VisualStudioVersion = 14.0.24720.0
MinimumVisualStudioVersion = 10.0.40219.1
Project("{FAE04EC0-301F-11D3-BF4B-00C04F79EFBC}") = "01. Odd or Even", "01. Odd or Even\01. Odd or Even.csproj", "{31FC0A5D-9AFF-4DB5-B28A-C5F2A53070BC}"
EndProject
Project("{FAE04EC0-301F-11D3-BF4B-00C04F79EFBC}") = "02. Moon Gravity", "02. Moon Gravity\02. Moon Gravity.csproj", "{1337D5C4-90B0-4AEB-B323-9B357832CF47}"
EndProject
Project("{FAE04EC0-301F-11D3-BF4B-00C04F79EFBC}") = "03. Divide by 7 and 5", "03. Divide by 7 and 5\03. Divide by 7 and 5.csproj", "{FFF6AC83-08A9-4354-8E8F-82EC4E78BD63}"
EndProject
Project("{FAE04EC0-301F-11D3-BF4B-00C04F79EFBC}") = "04. Rectangles", "04. Rectangles\04. Rectangles.csproj", "{106113B9-8D38-4A2E-B115-6ABEEA3E865C}"
EndProject
Project("{FAE04EC0-301F-11D3-BF4B-00C04F79EFBC}") = "05. Third digit", "05. Third digit\05. Third digit.csproj", "{014C9A96-0663-4B7E-82A2-A72A58A69662}"
EndProject
Project("{FAE04EC0-301F-11D3-BF4B-00C04F79EFBC}") = "05. Third digit v2", "05. Third digit v2\05. Third digit v2.csproj", "{0CA789FA-5172-4505-A7E6-341EDDB2BDD8}"
EndProject
Project("{FAE04EC0-301F-11D3-BF4B-00C04F79EFBC}") = "06. Four digits", "06. Four digits\06. Four digits.csproj", "{092B8E21-A780-454F-87B2-8BE470CD5759}"
EndProject
Project("{FAE04EC0-301F-11D3-BF4B-00C04F79EFBC}") = "07. Point in a Circle", "07. Point in a circle\07. Point in a Circle.csproj", "{E5F01284-D079-4455-A701-1486AD2E0224}"
EndProject
Project("{FAE04EC0-301F-11D3-BF4B-00C04F79EFBC}") = "08. Prime Check", "08. Prime Check\08. Prime Check.csproj", "{899CD54E-C701-4600-BEDF-BCF7F554162E}"
EndProject
Project("{FAE04EC0-301F-11D3-BF4B-00C04F79EFBC}") = "08. Prime Check v2", "08. Prime Check v2\08. Prime Check v2.csproj", "{3F07A3B1-E1A5-4957-A76F-25CB1CC96B71}"
EndProject
Project("{FAE04EC0-301F-11D3-BF4B-00C04F79EFBC}") = "09. Trapezoids", "09. Trapezoids\09. Trapezoids.csproj", "{12BB6584-2B58-4938-9B41-9414FD13A02B}"
EndProject
Project("{FAE04EC0-301F-11D3-BF4B-00C04F79EFBC}") = "10. Point, Circle, Rectangle", "10. Point, Circle, Rectangle\10. Point, Circle, Rectangle.csproj", "{CFD95377-D8D2-4B51-8B96-95C762D551F6}"
EndProject
Project("{FAE04EC0-301F-11D3-BF4B-00C04F79EFBC}") = "11. 3rd Bit", "11. 3rd Bit\11. 3rd Bit.csproj", "{11DC02AA-C592-41DA-AC56-66219DACE8AF}"
EndProject
Project("{FAE04EC0-301F-11D3-BF4B-00C04F79EFBC}") = "11. Third Bit v2 bitwise", "11. Third Bit v2 bitwise\11. Third Bit v2 bitwise.csproj", "{A2166491-1700-4C42-99EC-45E9E0A2A0BF}"
EndProject
Project("{FAE04EC0-301F-11D3-BF4B-00C04F79EFBC}") = "12. N-th bit", "12. N-th bit\12. N-th bit.csproj", "{FDB6C8E0-18CC-46E4-9E57-274EA43D737D}"
EndProject
Project("{FAE04EC0-301F-11D3-BF4B-00C04F79EFBC}") = "12. N-th bit v2", "12. N-th bit v2\12. N-th bit v2.csproj", "{CC627A95-D5F8-493A-A730-E025BD25DE46}"
EndProject
Project("{FAE04EC0-301F-11D3-BF4B-00C04F79EFBC}") = "13. Modify Bit", "13. Modify Bit\13. Modify Bit.csproj", "{6B94E18F-1EC9-4834-B0DA-133C15E74A32}"
EndProject
Global
	GlobalSection(SolutionConfigurationPlatforms) = preSolution
		Debug|Any CPU = Debug|Any CPU
		Release|Any CPU = Release|Any CPU
	EndGlobalSection
	GlobalSection(ProjectConfigurationPlatforms) = postSolution
		{31FC0A5D-9AFF-4DB5-B28A-C5F2A53070BC}.Debug|Any CPU.ActiveCfg = Debug|Any CPU
		{31FC0A5D-9AFF-4DB5-B28A-C5F2A53070BC}.Debug|Any CPU.Build.0 = Debug|Any CPU
		{31FC0A5D-9AFF-4DB5-B28A-C5F2A53070BC}.Release|Any CPU.ActiveCfg = Release|Any CPU
		{31FC0A5D-9AFF-4DB5-B28A-C5F2A53070BC}.Release|Any CPU.Build.0 = Release|Any CPU
		{1337D5C4-90B0-4AEB-B323-9B357832CF47}.Debug|Any CPU.ActiveCfg = Debug|Any CPU
		{1337D5C4-90B0-4AEB-B323-9B357832CF47}.Debug|Any CPU.Build.0 = Debug|Any CPU
		{1337D5C4-90B0-4AEB-B323-9B357832CF47}.Release|Any CPU.ActiveCfg = Release|Any CPU
		{1337D5C4-90B0-4AEB-B323-9B357832CF47}.Release|Any CPU.Build.0 = Release|Any CPU
		{FFF6AC83-08A9-4354-8E8F-82EC4E78BD63}.Debug|Any CPU.ActiveCfg = Debug|Any CPU
		{FFF6AC83-08A9-4354-8E8F-82EC4E78BD63}.Debug|Any CPU.Build.0 = Debug|Any CPU
		{FFF6AC83-08A9-4354-8E8F-82EC4E78BD63}.Release|Any CPU.ActiveCfg = Release|Any CPU
		{FFF6AC83-08A9-4354-8E8F-82EC4E78BD63}.Release|Any CPU.Build.0 = Release|Any CPU
		{106113B9-8D38-4A2E-B115-6ABEEA3E865C}.Debug|Any CPU.ActiveCfg = Debug|Any CPU
		{106113B9-8D38-4A2E-B115-6ABEEA3E865C}.Debug|Any CPU.Build.0 = Debug|Any CPU
		{106113B9-8D38-4A2E-B115-6ABEEA3E865C}.Release|Any CPU.ActiveCfg = Release|Any CPU
		{106113B9-8D38-4A2E-B115-6ABEEA3E865C}.Release|Any CPU.Build.0 = Release|Any CPU
		{014C9A96-0663-4B7E-82A2-A72A58A69662}.Debug|Any CPU.ActiveCfg = Debug|Any CPU
		{014C9A96-0663-4B7E-82A2-A72A58A69662}.Debug|Any CPU.Build.0 = Debug|Any CPU
		{014C9A96-0663-4B7E-82A2-A72A58A69662}.Release|Any CPU.ActiveCfg = Release|Any CPU
		{014C9A96-0663-4B7E-82A2-A72A58A69662}.Release|Any CPU.Build.0 = Release|Any CPU
		{0CA789FA-5172-4505-A7E6-341EDDB2BDD8}.Debug|Any CPU.ActiveCfg = Debug|Any CPU
		{0CA789FA-5172-4505-A7E6-341EDDB2BDD8}.Debug|Any CPU.Build.0 = Debug|Any CPU
		{0CA789FA-5172-4505-A7E6-341EDDB2BDD8}.Release|Any CPU.ActiveCfg = Release|Any CPU
		{0CA789FA-5172-4505-A7E6-341EDDB2BDD8}.Release|Any CPU.Build.0 = Release|Any CPU
		{092B8E21-A780-454F-87B2-8BE470CD5759}.Debug|Any CPU.ActiveCfg = Debug|Any CPU
		{092B8E21-A780-454F-87B2-8BE470CD5759}.Debug|Any CPU.Build.0 = Debug|Any CPU
		{092B8E21-A780-454F-87B2-8BE470CD5759}.Release|Any CPU.ActiveCfg = Release|Any CPU
		{092B8E21-A780-454F-87B2-8BE470CD5759}.Release|Any CPU.Build.0 = Release|Any CPU
		{E5F01284-D079-4455-A701-1486AD2E0224}.Debug|Any CPU.ActiveCfg = Debug|Any CPU
		{E5F01284-D079-4455-A701-1486AD2E0224}.Debug|Any CPU.Build.0 = Debug|Any CPU
		{E5F01284-D079-4455-A701-1486AD2E0224}.Release|Any CPU.ActiveCfg = Release|Any CPU
		{E5F01284-D079-4455-A701-1486AD2E0224}.Release|Any CPU.Build.0 = Release|Any CPU
		{899CD54E-C701-4600-BEDF-BCF7F554162E}.Debug|Any CPU.ActiveCfg = Debug|Any CPU
		{899CD54E-C701-4600-BEDF-BCF7F554162E}.Debug|Any CPU.Build.0 = Debug|Any CPU
		{899CD54E-C701-4600-BEDF-BCF7F554162E}.Release|Any CPU.ActiveCfg = Release|Any CPU
		{899CD54E-C701-4600-BEDF-BCF7F554162E}.Release|Any CPU.Build.0 = Release|Any CPU
		{3F07A3B1-E1A5-4957-A76F-25CB1CC96B71}.Debug|Any CPU.ActiveCfg = Debug|Any CPU
		{3F07A3B1-E1A5-4957-A76F-25CB1CC96B71}.Debug|Any CPU.Build.0 = Debug|Any CPU
		{3F07A3B1-E1A5-4957-A76F-25CB1CC96B71}.Release|Any CPU.ActiveCfg = Release|Any CPU
		{3F07A3B1-E1A5-4957-A76F-25CB1CC96B71}.Release|Any CPU.Build.0 = Release|Any CPU
		{12BB6584-2B58-4938-9B41-9414FD13A02B}.Debug|Any CPU.ActiveCfg = Debug|Any CPU
		{12BB6584-2B58-4938-9B41-9414FD13A02B}.Debug|Any CPU.Build.0 = Debug|Any CPU
		{12BB6584-2B58-4938-9B41-9414FD13A02B}.Release|Any CPU.ActiveCfg = Release|Any CPU
		{12BB6584-2B58-4938-9B41-9414FD13A02B}.Release|Any CPU.Build.0 = Release|Any CPU
		{CFD95377-D8D2-4B51-8B96-95C762D551F6}.Debug|Any CPU.ActiveCfg = Debug|Any CPU
		{CFD95377-D8D2-4B51-8B96-95C762D551F6}.Debug|Any CPU.Build.0 = Debug|Any CPU
		{CFD95377-D8D2-4B51-8B96-95C762D551F6}.Release|Any CPU.ActiveCfg = Release|Any CPU
		{CFD95377-D8D2-4B51-8B96-95C762D551F6}.Release|Any CPU.Build.0 = Release|Any CPU
		{11DC02AA-C592-41DA-AC56-66219DACE8AF}.Debug|Any CPU.ActiveCfg = Debug|Any CPU
		{11DC02AA-C592-41DA-AC56-66219DACE8AF}.Debug|Any CPU.Build.0 = Debug|Any CPU
		{11DC02AA-C592-41DA-AC56-66219DACE8AF}.Release|Any CPU.ActiveCfg = Release|Any CPU
		{11DC02AA-C592-41DA-AC56-66219DACE8AF}.Release|Any CPU.Build.0 = Release|Any CPU
		{A2166491-1700-4C42-99EC-45E9E0A2A0BF}.Debug|Any CPU.ActiveCfg = Debug|Any CPU
		{A2166491-1700-4C42-99EC-45E9E0A2A0BF}.Debug|Any CPU.Build.0 = Debug|Any CPU
		{A2166491-1700-4C42-99EC-45E9E0A2A0BF}.Release|Any CPU.ActiveCfg = Release|Any CPU
		{A2166491-1700-4C42-99EC-45E9E0A2A0BF}.Release|Any CPU.Build.0 = Release|Any CPU
		{FDB6C8E0-18CC-46E4-9E57-274EA43D737D}.Debug|Any CPU.ActiveCfg = Debug|Any CPU
		{FDB6C8E0-18CC-46E4-9E57-274EA43D737D}.Debug|Any CPU.Build.0 = Debug|Any CPU
		{FDB6C8E0-18CC-46E4-9E57-274EA43D737D}.Release|Any CPU.ActiveCfg = Release|Any CPU
		{FDB6C8E0-18CC-46E4-9E57-274EA43D737D}.Release|Any CPU.Build.0 = Release|Any CPU
		{CC627A95-D5F8-493A-A730-E025BD25DE46}.Debug|Any CPU.ActiveCfg = Debug|Any CPU
		{CC627A95-D5F8-493A-A730-E025BD25DE46}.Debug|Any CPU.Build.0 = Debug|Any CPU
		{CC627A95-D5F8-493A-A730-E025BD25DE46}.Release|Any CPU.ActiveCfg = Release|Any CPU
		{CC627A95-D5F8-493A-A730-E025BD25DE46}.Release|Any CPU.Build.0 = Release|Any CPU
		{6B94E18F-1EC9-4834-B0DA-133C15E74A32}.Debug|Any CPU.ActiveCfg = Debug|Any CPU
		{6B94E18F-1EC9-4834-B0DA-133C15E74A32}.Debug|Any CPU.Build.0 = Debug|Any CPU
		{6B94E18F-1EC9-4834-B0DA-133C15E74A32}.Release|Any CPU.ActiveCfg = Release|Any CPU
		{6B94E18F-1EC9-4834-B0DA-133C15E74A32}.Release|Any CPU.Build.0 = Release|Any CPU
	EndGlobalSection
	GlobalSection(SolutionProperties) = preSolution
		HideSolutionNode = FALSE
	EndGlobalSection
EndGlobal
