
Microsoft Visual Studio Solution File, Format Version 12.00
# Visual Studio 14
VisualStudioVersion = 14.0.24720.0
MinimumVisualStudioVersion = 10.0.40219.1
Project("{FAE04EC0-301F-11D3-BF4B-00C04F79EFBC}") = "01. Binary Search", "01. Binary Search\01. Binary Search.csproj", "{ECC1E88E-CC75-468A-A870-673B35F9D5B9}"
EndProject
Global
	GlobalSection(SolutionConfigurationPlatforms) = preSolution
		Debug|Any CPU = Debug|Any CPU
		Release|Any CPU = Release|Any CPU
	EndGlobalSection
	GlobalSection(ProjectConfigurationPlatforms) = postSolution
		{ECC1E88E-CC75-468A-A870-673B35F9D5B9}.Debug|Any CPU.ActiveCfg = Debug|Any CPU
		{ECC1E88E-CC75-468A-A870-673B35F9D5B9}.Debug|Any CPU.Build.0 = Debug|Any CPU
		{ECC1E88E-CC75-468A-A870-673B35F9D5B9}.Release|Any CPU.ActiveCfg = Release|Any CPU
		{ECC1E88E-CC75-468A-A870-673B35F9D5B9}.Release|Any CPU.Build.0 = Release|Any CPU
	EndGlobalSection
	GlobalSection(SolutionProperties) = preSolution
		HideSolutionNode = FALSE
	EndGlobalSection
EndGlobal
