
Microsoft Visual Studio Solution File, Format Version 12.00
# Visual Studio 15
VisualStudioVersion = 15.0.27004.2008
MinimumVisualStudioVersion = 10.0.40219.1
Project("{FAE04EC0-301F-11D3-BF4B-00C04F79EFBC}") = "01. Allocate array", "01. Allocate array\01. Allocate array.csproj", "{A7DC2BFE-DF04-4CB9-9163-92EB44639150}"
EndProject
Project("{FAE04EC0-301F-11D3-BF4B-00C04F79EFBC}") = "02. Compare arrays", "02. Compare arrays\02. Compare arrays.csproj", "{4F3DF350-6680-4D62-AEC4-7A119676835F}"
EndProject
Project("{FAE04EC0-301F-11D3-BF4B-00C04F79EFBC}") = "03. Compare char arrays", "03. Compare char arrays\03. Compare char arrays.csproj", "{9983FC87-C28D-4F8A-8A76-D0CF9A6CECA8}"
EndProject
Project("{FAE04EC0-301F-11D3-BF4B-00C04F79EFBC}") = "04. Maximal sequence", "04. Maximal sequence\04. Maximal sequence.csproj", "{94A1774A-DA79-4DC2-ABEE-F353EE5D8C96}"
EndProject
Project("{FAE04EC0-301F-11D3-BF4B-00C04F79EFBC}") = "05. Maximal Increasing Sequence", "05. Maximal Increasing Sequence\05. Maximal Increasing Sequence.csproj", "{34332838-87C4-420E-A853-456D7C6CEEAD}"
EndProject
Global
	GlobalSection(SolutionConfigurationPlatforms) = preSolution
		Debug|Any CPU = Debug|Any CPU
		Release|Any CPU = Release|Any CPU
	EndGlobalSection
	GlobalSection(ProjectConfigurationPlatforms) = postSolution
		{A7DC2BFE-DF04-4CB9-9163-92EB44639150}.Debug|Any CPU.ActiveCfg = Debug|Any CPU
		{A7DC2BFE-DF04-4CB9-9163-92EB44639150}.Debug|Any CPU.Build.0 = Debug|Any CPU
		{A7DC2BFE-DF04-4CB9-9163-92EB44639150}.Release|Any CPU.ActiveCfg = Release|Any CPU
		{A7DC2BFE-DF04-4CB9-9163-92EB44639150}.Release|Any CPU.Build.0 = Release|Any CPU
		{4F3DF350-6680-4D62-AEC4-7A119676835F}.Debug|Any CPU.ActiveCfg = Debug|Any CPU
		{4F3DF350-6680-4D62-AEC4-7A119676835F}.Debug|Any CPU.Build.0 = Debug|Any CPU
		{4F3DF350-6680-4D62-AEC4-7A119676835F}.Release|Any CPU.ActiveCfg = Release|Any CPU
		{4F3DF350-6680-4D62-AEC4-7A119676835F}.Release|Any CPU.Build.0 = Release|Any CPU
		{9983FC87-C28D-4F8A-8A76-D0CF9A6CECA8}.Debug|Any CPU.ActiveCfg = Debug|Any CPU
		{9983FC87-C28D-4F8A-8A76-D0CF9A6CECA8}.Debug|Any CPU.Build.0 = Debug|Any CPU
		{9983FC87-C28D-4F8A-8A76-D0CF9A6CECA8}.Release|Any CPU.ActiveCfg = Release|Any CPU
		{9983FC87-C28D-4F8A-8A76-D0CF9A6CECA8}.Release|Any CPU.Build.0 = Release|Any CPU
		{94A1774A-DA79-4DC2-ABEE-F353EE5D8C96}.Debug|Any CPU.ActiveCfg = Debug|Any CPU
		{94A1774A-DA79-4DC2-ABEE-F353EE5D8C96}.Debug|Any CPU.Build.0 = Debug|Any CPU
		{94A1774A-DA79-4DC2-ABEE-F353EE5D8C96}.Release|Any CPU.ActiveCfg = Release|Any CPU
		{94A1774A-DA79-4DC2-ABEE-F353EE5D8C96}.Release|Any CPU.Build.0 = Release|Any CPU
		{34332838-87C4-420E-A853-456D7C6CEEAD}.Debug|Any CPU.ActiveCfg = Debug|Any CPU
		{34332838-87C4-420E-A853-456D7C6CEEAD}.Debug|Any CPU.Build.0 = Debug|Any CPU
		{34332838-87C4-420E-A853-456D7C6CEEAD}.Release|Any CPU.ActiveCfg = Release|Any CPU
		{34332838-87C4-420E-A853-456D7C6CEEAD}.Release|Any CPU.Build.0 = Release|Any CPU
	EndGlobalSection
	GlobalSection(SolutionProperties) = preSolution
		HideSolutionNode = FALSE
	EndGlobalSection
	GlobalSection(ExtensibilityGlobals) = postSolution
		SolutionGuid = {945DFCBD-204E-4BFF-8209-29C67B103DDF}
	EndGlobalSection
EndGlobal
