
Microsoft Visual Studio Solution File, Format Version 12.00
# Visual Studio 15
VisualStudioVersion = 15.0.27004.2008
MinimumVisualStudioVersion = 10.0.40219.1
Project("{FAE04EC0-301F-11D3-BF4B-00C04F79EFBC}") = "01. Fill the Matrix", "01. Fill the Matrix\01. Fill the Matrix.csproj", "{6DFB82F4-2E1C-49C9-8009-C5071D6A3693}"
EndProject
Project("{FAE04EC0-301F-11D3-BF4B-00C04F79EFBC}") = "02. Maximal sum", "02. Maximal sum\02. Maximal sum.csproj", "{E38C2F49-02A5-481B-B04E-0BB29BE993CA}"
EndProject
Global
	GlobalSection(SolutionConfigurationPlatforms) = preSolution
		Debug|Any CPU = Debug|Any CPU
		Release|Any CPU = Release|Any CPU
	EndGlobalSection
	GlobalSection(ProjectConfigurationPlatforms) = postSolution
		{6DFB82F4-2E1C-49C9-8009-C5071D6A3693}.Debug|Any CPU.ActiveCfg = Debug|Any CPU
		{6DFB82F4-2E1C-49C9-8009-C5071D6A3693}.Debug|Any CPU.Build.0 = Debug|Any CPU
		{6DFB82F4-2E1C-49C9-8009-C5071D6A3693}.Release|Any CPU.ActiveCfg = Release|Any CPU
		{6DFB82F4-2E1C-49C9-8009-C5071D6A3693}.Release|Any CPU.Build.0 = Release|Any CPU
		{E38C2F49-02A5-481B-B04E-0BB29BE993CA}.Debug|Any CPU.ActiveCfg = Debug|Any CPU
		{E38C2F49-02A5-481B-B04E-0BB29BE993CA}.Debug|Any CPU.Build.0 = Debug|Any CPU
		{E38C2F49-02A5-481B-B04E-0BB29BE993CA}.Release|Any CPU.ActiveCfg = Release|Any CPU
		{E38C2F49-02A5-481B-B04E-0BB29BE993CA}.Release|Any CPU.Build.0 = Release|Any CPU
	EndGlobalSection
	GlobalSection(SolutionProperties) = preSolution
		HideSolutionNode = FALSE
	EndGlobalSection
	GlobalSection(ExtensibilityGlobals) = postSolution
		SolutionGuid = {C1D3D226-984E-474B-AFF2-94399750FC9B}
	EndGlobalSection
EndGlobal
