
Microsoft Visual Studio Solution File, Format Version 12.00
# Visual Studio 14
VisualStudioVersion = 14.0.24720.0
MinimumVisualStudioVersion = 10.0.40219.1
Project("{FAE04EC0-301F-11D3-BF4B-00C04F79EFBC}") = "01. Snake", "01. Snake\01. Snake.csproj", "{1FB0824A-BF3B-49E3-A6F1-38D642F84725}"
EndProject
Project("{FAE04EC0-301F-11D3-BF4B-00C04F79EFBC}") = "02. HangMan", "02. HangMan\02. HangMan.csproj", "{EA0B8ADF-E0F6-48A2-9F62-DAF6C6CC4341}"
EndProject
Project("{FAE04EC0-301F-11D3-BF4B-00C04F79EFBC}") = "03. Falling Rocks", "03. Falling Rocks\03. Falling Rocks.csproj", "{F3E7023E-1124-4B67-AC9C-DEACB8045541}"
EndProject
Global
	GlobalSection(SolutionConfigurationPlatforms) = preSolution
		Debug|Any CPU = Debug|Any CPU
		Release|Any CPU = Release|Any CPU
	EndGlobalSection
	GlobalSection(ProjectConfigurationPlatforms) = postSolution
		{1FB0824A-BF3B-49E3-A6F1-38D642F84725}.Debug|Any CPU.ActiveCfg = Debug|Any CPU
		{1FB0824A-BF3B-49E3-A6F1-38D642F84725}.Debug|Any CPU.Build.0 = Debug|Any CPU
		{1FB0824A-BF3B-49E3-A6F1-38D642F84725}.Release|Any CPU.ActiveCfg = Release|Any CPU
		{1FB0824A-BF3B-49E3-A6F1-38D642F84725}.Release|Any CPU.Build.0 = Release|Any CPU
		{EA0B8ADF-E0F6-48A2-9F62-DAF6C6CC4341}.Debug|Any CPU.ActiveCfg = Debug|Any CPU
		{EA0B8ADF-E0F6-48A2-9F62-DAF6C6CC4341}.Debug|Any CPU.Build.0 = Debug|Any CPU
		{EA0B8ADF-E0F6-48A2-9F62-DAF6C6CC4341}.Release|Any CPU.ActiveCfg = Release|Any CPU
		{EA0B8ADF-E0F6-48A2-9F62-DAF6C6CC4341}.Release|Any CPU.Build.0 = Release|Any CPU
		{F3E7023E-1124-4B67-AC9C-DEACB8045541}.Debug|Any CPU.ActiveCfg = Debug|Any CPU
		{F3E7023E-1124-4B67-AC9C-DEACB8045541}.Debug|Any CPU.Build.0 = Debug|Any CPU
		{F3E7023E-1124-4B67-AC9C-DEACB8045541}.Release|Any CPU.ActiveCfg = Release|Any CPU
		{F3E7023E-1124-4B67-AC9C-DEACB8045541}.Release|Any CPU.Build.0 = Release|Any CPU
	EndGlobalSection
	GlobalSection(SolutionProperties) = preSolution
		HideSolutionNode = FALSE
	EndGlobalSection
EndGlobal
