
Microsoft Visual Studio Solution File, Format Version 12.00
# Visual Studio 14
VisualStudioVersion = 14.0.24720.0
MinimumVisualStudioVersion = 10.0.40219.1
Project("{FAE04EC0-301F-11D3-BF4B-00C04F79EFBC}") = "01. Sum of 3 numbers", "01. Sum of 3 numbers\01. Sum of 3 numbers.csproj", "{2B134B20-EE3F-4568-B384-F2C831F983E9}"
EndProject
Project("{FAE04EC0-301F-11D3-BF4B-00C04F79EFBC}") = "02. Company Info", "02. Company Info\02. Company Info.csproj", "{E3F899F6-7756-441F-B5DD-F1637491091F}"
EndProject
Project("{FAE04EC0-301F-11D3-BF4B-00C04F79EFBC}") = "03. Circle", "03. Circle\03. Circle.csproj", "{6A944B74-EE98-49A4-9196-ACA0DB46451C}"
EndProject
Project("{FAE04EC0-301F-11D3-BF4B-00C04F79EFBC}") = "04. Formatting Numbers", "04. Formatting Numbers\04. Formatting Numbers.csproj", "{F9F089CA-3551-42B0-99DA-DB4F46CD93D5}"
EndProject
Project("{FAE04EC0-301F-11D3-BF4B-00C04F79EFBC}") = "05. Numbers Comparer", "05. Numbers Comparer\05. Numbers Comparer.csproj", "{CF86AFD0-8B92-484B-9377-77B3A16F1FBF}"
EndProject
Project("{FAE04EC0-301F-11D3-BF4B-00C04F79EFBC}") = "06. Quadratic Equation", "06. Quadratic Equation\06. Quadratic Equation.csproj", "{5D36A016-D029-4865-8263-23D84A14AD4E}"
EndProject
Project("{FAE04EC0-301F-11D3-BF4B-00C04F79EFBC}") = "07. Sum of 5 numbers", "07. Sum of 5 numbers\07. Sum of 5 numbers.csproj", "{826FCFA2-FA6F-4280-844F-913BF0558834}"
EndProject
Project("{FAE04EC0-301F-11D3-BF4B-00C04F79EFBC}") = "08. Numbers from 1 to N", "08. Numbers from 1 to N\08. Numbers from 1 to N.csproj", "{733689C7-3EAD-48EF-B843-5C68A03FF753}"
EndProject
Project("{FAE04EC0-301F-11D3-BF4B-00C04F79EFBC}") = "09. Sum of N Numbers", "09. Sum of N Numbers\09. Sum of N Numbers.csproj", "{94F787B3-02B8-404A-BF1F-4F17E14E70B1}"
EndProject
Project("{FAE04EC0-301F-11D3-BF4B-00C04F79EFBC}") = "10. Fibonacci Numbers", "10. Fibonacci Numbers\10. Fibonacci Numbers.csproj", "{E7346007-CEA3-46CE-8E31-86F901361951}"
EndProject
Project("{FAE04EC0-301F-11D3-BF4B-00C04F79EFBC}") = "11. Interval", "11. Interval\11. Interval.csproj", "{7CF6FF9E-C056-49C2-BCFE-431806EABD50}"
EndProject
Global
	GlobalSection(SolutionConfigurationPlatforms) = preSolution
		Debug|Any CPU = Debug|Any CPU
		Release|Any CPU = Release|Any CPU
	EndGlobalSection
	GlobalSection(ProjectConfigurationPlatforms) = postSolution
		{2B134B20-EE3F-4568-B384-F2C831F983E9}.Debug|Any CPU.ActiveCfg = Debug|Any CPU
		{2B134B20-EE3F-4568-B384-F2C831F983E9}.Debug|Any CPU.Build.0 = Debug|Any CPU
		{2B134B20-EE3F-4568-B384-F2C831F983E9}.Release|Any CPU.ActiveCfg = Release|Any CPU
		{2B134B20-EE3F-4568-B384-F2C831F983E9}.Release|Any CPU.Build.0 = Release|Any CPU
		{E3F899F6-7756-441F-B5DD-F1637491091F}.Debug|Any CPU.ActiveCfg = Debug|Any CPU
		{E3F899F6-7756-441F-B5DD-F1637491091F}.Debug|Any CPU.Build.0 = Debug|Any CPU
		{E3F899F6-7756-441F-B5DD-F1637491091F}.Release|Any CPU.ActiveCfg = Release|Any CPU
		{E3F899F6-7756-441F-B5DD-F1637491091F}.Release|Any CPU.Build.0 = Release|Any CPU
		{6A944B74-EE98-49A4-9196-ACA0DB46451C}.Debug|Any CPU.ActiveCfg = Debug|Any CPU
		{6A944B74-EE98-49A4-9196-ACA0DB46451C}.Debug|Any CPU.Build.0 = Debug|Any CPU
		{6A944B74-EE98-49A4-9196-ACA0DB46451C}.Release|Any CPU.ActiveCfg = Release|Any CPU
		{6A944B74-EE98-49A4-9196-ACA0DB46451C}.Release|Any CPU.Build.0 = Release|Any CPU
		{F9F089CA-3551-42B0-99DA-DB4F46CD93D5}.Debug|Any CPU.ActiveCfg = Debug|Any CPU
		{F9F089CA-3551-42B0-99DA-DB4F46CD93D5}.Debug|Any CPU.Build.0 = Debug|Any CPU
		{F9F089CA-3551-42B0-99DA-DB4F46CD93D5}.Release|Any CPU.ActiveCfg = Release|Any CPU
		{F9F089CA-3551-42B0-99DA-DB4F46CD93D5}.Release|Any CPU.Build.0 = Release|Any CPU
		{CF86AFD0-8B92-484B-9377-77B3A16F1FBF}.Debug|Any CPU.ActiveCfg = Debug|Any CPU
		{CF86AFD0-8B92-484B-9377-77B3A16F1FBF}.Debug|Any CPU.Build.0 = Debug|Any CPU
		{CF86AFD0-8B92-484B-9377-77B3A16F1FBF}.Release|Any CPU.ActiveCfg = Release|Any CPU
		{CF86AFD0-8B92-484B-9377-77B3A16F1FBF}.Release|Any CPU.Build.0 = Release|Any CPU
		{5D36A016-D029-4865-8263-23D84A14AD4E}.Debug|Any CPU.ActiveCfg = Debug|Any CPU
		{5D36A016-D029-4865-8263-23D84A14AD4E}.Debug|Any CPU.Build.0 = Debug|Any CPU
		{5D36A016-D029-4865-8263-23D84A14AD4E}.Release|Any CPU.ActiveCfg = Release|Any CPU
		{5D36A016-D029-4865-8263-23D84A14AD4E}.Release|Any CPU.Build.0 = Release|Any CPU
		{826FCFA2-FA6F-4280-844F-913BF0558834}.Debug|Any CPU.ActiveCfg = Debug|Any CPU
		{826FCFA2-FA6F-4280-844F-913BF0558834}.Debug|Any CPU.Build.0 = Debug|Any CPU
		{826FCFA2-FA6F-4280-844F-913BF0558834}.Release|Any CPU.ActiveCfg = Release|Any CPU
		{826FCFA2-FA6F-4280-844F-913BF0558834}.Release|Any CPU.Build.0 = Release|Any CPU
		{733689C7-3EAD-48EF-B843-5C68A03FF753}.Debug|Any CPU.ActiveCfg = Debug|Any CPU
		{733689C7-3EAD-48EF-B843-5C68A03FF753}.Debug|Any CPU.Build.0 = Debug|Any CPU
		{733689C7-3EAD-48EF-B843-5C68A03FF753}.Release|Any CPU.ActiveCfg = Release|Any CPU
		{733689C7-3EAD-48EF-B843-5C68A03FF753}.Release|Any CPU.Build.0 = Release|Any CPU
		{94F787B3-02B8-404A-BF1F-4F17E14E70B1}.Debug|Any CPU.ActiveCfg = Debug|Any CPU
		{94F787B3-02B8-404A-BF1F-4F17E14E70B1}.Debug|Any CPU.Build.0 = Debug|Any CPU
		{94F787B3-02B8-404A-BF1F-4F17E14E70B1}.Release|Any CPU.ActiveCfg = Release|Any CPU
		{94F787B3-02B8-404A-BF1F-4F17E14E70B1}.Release|Any CPU.Build.0 = Release|Any CPU
		{E7346007-CEA3-46CE-8E31-86F901361951}.Debug|Any CPU.ActiveCfg = Debug|Any CPU
		{E7346007-CEA3-46CE-8E31-86F901361951}.Debug|Any CPU.Build.0 = Debug|Any CPU
		{E7346007-CEA3-46CE-8E31-86F901361951}.Release|Any CPU.ActiveCfg = Release|Any CPU
		{E7346007-CEA3-46CE-8E31-86F901361951}.Release|Any CPU.Build.0 = Release|Any CPU
		{7CF6FF9E-C056-49C2-BCFE-431806EABD50}.Debug|Any CPU.ActiveCfg = Debug|Any CPU
		{7CF6FF9E-C056-49C2-BCFE-431806EABD50}.Debug|Any CPU.Build.0 = Debug|Any CPU
		{7CF6FF9E-C056-49C2-BCFE-431806EABD50}.Release|Any CPU.ActiveCfg = Release|Any CPU
		{7CF6FF9E-C056-49C2-BCFE-431806EABD50}.Release|Any CPU.Build.0 = Release|Any CPU
	EndGlobalSection
	GlobalSection(SolutionProperties) = preSolution
		HideSolutionNode = FALSE
	EndGlobalSection
EndGlobal
