
Microsoft Visual Studio Solution File, Format Version 12.00
# Visual Studio 15
VisualStudioVersion = 15.0.26228.9
MinimumVisualStudioVersion = 10.0.40219.1
Project("{FAE04EC0-301F-11D3-BF4B-00C04F79EFBC}") = "01. Send me the code", "01. Send me the code\01. Send me the code.csproj", "{1702D03A-0C10-4E9C-8707-5D2ACCB8A4C4}"
EndProject
Project("{FAE04EC0-301F-11D3-BF4B-00C04F79EFBC}") = "02. Move", "02. Move\02. Move.csproj", "{B241D14A-A37C-4CA2-8E43-2E36A0DAA492}"
EndProject
Project("{FAE04EC0-301F-11D3-BF4B-00C04F79EFBC}") = "03. Count them", "03. Count them\03. Count them.csproj", "{D4BC0296-0C11-459A-B7B2-99D948CBE8D4}"
EndProject
Global
	GlobalSection(SolutionConfigurationPlatforms) = preSolution
		Debug|Any CPU = Debug|Any CPU
		Release|Any CPU = Release|Any CPU
	EndGlobalSection
	GlobalSection(ProjectConfigurationPlatforms) = postSolution
		{1702D03A-0C10-4E9C-8707-5D2ACCB8A4C4}.Debug|Any CPU.ActiveCfg = Debug|Any CPU
		{1702D03A-0C10-4E9C-8707-5D2ACCB8A4C4}.Debug|Any CPU.Build.0 = Debug|Any CPU
		{1702D03A-0C10-4E9C-8707-5D2ACCB8A4C4}.Release|Any CPU.ActiveCfg = Release|Any CPU
		{1702D03A-0C10-4E9C-8707-5D2ACCB8A4C4}.Release|Any CPU.Build.0 = Release|Any CPU
		{B241D14A-A37C-4CA2-8E43-2E36A0DAA492}.Debug|Any CPU.ActiveCfg = Debug|Any CPU
		{B241D14A-A37C-4CA2-8E43-2E36A0DAA492}.Debug|Any CPU.Build.0 = Debug|Any CPU
		{B241D14A-A37C-4CA2-8E43-2E36A0DAA492}.Release|Any CPU.ActiveCfg = Release|Any CPU
		{B241D14A-A37C-4CA2-8E43-2E36A0DAA492}.Release|Any CPU.Build.0 = Release|Any CPU
		{D4BC0296-0C11-459A-B7B2-99D948CBE8D4}.Debug|Any CPU.ActiveCfg = Debug|Any CPU
		{D4BC0296-0C11-459A-B7B2-99D948CBE8D4}.Debug|Any CPU.Build.0 = Debug|Any CPU
		{D4BC0296-0C11-459A-B7B2-99D948CBE8D4}.Release|Any CPU.ActiveCfg = Release|Any CPU
		{D4BC0296-0C11-459A-B7B2-99D948CBE8D4}.Release|Any CPU.Build.0 = Release|Any CPU
	EndGlobalSection
	GlobalSection(SolutionProperties) = preSolution
		HideSolutionNode = FALSE
	EndGlobalSection
EndGlobal
