
Microsoft Visual Studio Solution File, Format Version 12.00
# Visual Studio 14
VisualStudioVersion = 14.0.24720.0
MinimumVisualStudioVersion = 10.0.40219.1
Project("{FAE04EC0-301F-11D3-BF4B-00C04F79EFBC}") = "jediMeditaion", "jediMeditaion\jediMeditaion.csproj", "{13B60F4F-FDEF-4E00-93F4-F5A3BC95A5C7}"
EndProject
Project("{FAE04EC0-301F-11D3-BF4B-00C04F79EFBC}") = "jedi2", "jedi2\jedi2.csproj", "{8AF37E8C-93EC-4AF2-BB65-0EC83447185A}"
EndProject
Global
	GlobalSection(SolutionConfigurationPlatforms) = preSolution
		Debug|Any CPU = Debug|Any CPU
		Release|Any CPU = Release|Any CPU
	EndGlobalSection
	GlobalSection(ProjectConfigurationPlatforms) = postSolution
		{13B60F4F-FDEF-4E00-93F4-F5A3BC95A5C7}.Debug|Any CPU.ActiveCfg = Debug|Any CPU
		{13B60F4F-FDEF-4E00-93F4-F5A3BC95A5C7}.Debug|Any CPU.Build.0 = Debug|Any CPU
		{13B60F4F-FDEF-4E00-93F4-F5A3BC95A5C7}.Release|Any CPU.ActiveCfg = Release|Any CPU
		{13B60F4F-FDEF-4E00-93F4-F5A3BC95A5C7}.Release|Any CPU.Build.0 = Release|Any CPU
		{8AF37E8C-93EC-4AF2-BB65-0EC83447185A}.Debug|Any CPU.ActiveCfg = Debug|Any CPU
		{8AF37E8C-93EC-4AF2-BB65-0EC83447185A}.Debug|Any CPU.Build.0 = Debug|Any CPU
		{8AF37E8C-93EC-4AF2-BB65-0EC83447185A}.Release|Any CPU.ActiveCfg = Release|Any CPU
		{8AF37E8C-93EC-4AF2-BB65-0EC83447185A}.Release|Any CPU.Build.0 = Release|Any CPU
	EndGlobalSection
	GlobalSection(SolutionProperties) = preSolution
		HideSolutionNode = FALSE
	EndGlobalSection
EndGlobal
